
Microsoft Visual Studio Solution File, Format Version 12.00
# Visual Studio Version 17
VisualStudioVersion = 17.4.33205.214
MinimumVisualStudioVersion = 10.0.40219.1
Project("{FAE04EC0-301F-11D3-BF4B-00C04F79EFBC}") = "TextureSoundFixer", "TextureSoundFixer.csproj", "{AEA7BC0E-27DD-41A0-A799-B6D1534E8B5D}"
EndProject
Global
	GlobalSection(SolutionConfigurationPlatforms) = preSolution
		Debug|Any CPU = Debug|Any CPU
		Release|Any CPU = Release|Any CPU
	EndGlobalSection
	GlobalSection(ProjectConfigurationPlatforms) = postSolution
		{AEA7BC0E-27DD-41A0-A799-B6D1534E8B5D}.Debug|Any CPU.ActiveCfg = Debug|Any CPU
		{AEA7BC0E-27DD-41A0-A799-B6D1534E8B5D}.Debug|Any CPU.Build.0 = Debug|Any CPU
		{AEA7BC0E-27DD-41A0-A799-B6D1534E8B5D}.Release|Any CPU.ActiveCfg = Release|Any CPU
		{AEA7BC0E-27DD-41A0-A799-B6D1534E8B5D}.Release|Any CPU.Build.0 = Release|Any CPU
	EndGlobalSection
	GlobalSection(SolutionProperties) = preSolution
		HideSolutionNode = FALSE
	EndGlobalSection
	GlobalSection(ExtensibilityGlobals) = postSolution
		SolutionGuid = {7638A8A2-6248-41A8-B603-B4E111C1ACE3}
	EndGlobalSection
EndGlobal
